{
    "_meta": {
        "hash": {
            "sha256": "d810af5b2adcf639c9922b2bcea6d34aba2d1669ae14b7494d3bbe7de7c912bd"
        },
        "pipfile-spec": 6,
        "requires": {
            "python_version": "3.8"
        },
        "sources": [
            {
                "name": "pypi",
                "url": "https://pypi.org/simple",
                "verify_ssl": true
            }
        ]
    },
    "default": {},
    "develop": {}
}
